
Microsoft Visual Studio Solution File, Format Version 12.00
# Visual Studio Version 16
VisualStudioVersion = 16.0.30114.105
MinimumVisualStudioVersion = 10.0.40219.1
Project("{FAE04EC0-301F-11D3-BF4B-00C04F79EFBC}") = "R5T.T0120", "R5T.T0120\R5T.T0120.csproj", "{0A8C29F8-C528-4974-9849-D7E8CA03BD50}"
EndProject
Project("{FAE04EC0-301F-11D3-BF4B-00C04F79EFBC}") = "R5T.T0120.Construction", "R5T.T0120.Construction\R5T.T0120.Construction.csproj", "{B25AA202-4587-41DC-9147-54979129BE93}"
EndProject
Project("{FAE04EC0-301F-11D3-BF4B-00C04F79EFBC}") = "R5T.T0120.X002", "R5T.T0120.X002\R5T.T0120.X002.csproj", "{F2FBD1B0-003F-4F18-9BD4-6C3180F4AB29}"
EndProject
Global
	GlobalSection(SolutionConfigurationPlatforms) = preSolution
		Debug|Any CPU = Debug|Any CPU
		Debug|x64 = Debug|x64
		Debug|x86 = Debug|x86
		Release|Any CPU = Release|Any CPU
		Release|x64 = Release|x64
		Release|x86 = Release|x86
	EndGlobalSection
	GlobalSection(SolutionProperties) = preSolution
		HideSolutionNode = FALSE
	EndGlobalSection
	GlobalSection(ProjectConfigurationPlatforms) = postSolution
		{0A8C29F8-C528-4974-9849-D7E8CA03BD50}.Debug|Any CPU.ActiveCfg = Debug|Any CPU
		{0A8C29F8-C528-4974-9849-D7E8CA03BD50}.Debug|Any CPU.Build.0 = Debug|Any CPU
		{0A8C29F8-C528-4974-9849-D7E8CA03BD50}.Debug|x64.ActiveCfg = Debug|Any CPU
		{0A8C29F8-C528-4974-9849-D7E8CA03BD50}.Debug|x64.Build.0 = Debug|Any CPU
		{0A8C29F8-C528-4974-9849-D7E8CA03BD50}.Debug|x86.ActiveCfg = Debug|Any CPU
		{0A8C29F8-C528-4974-9849-D7E8CA03BD50}.Debug|x86.Build.0 = Debug|Any CPU
		{0A8C29F8-C528-4974-9849-D7E8CA03BD50}.Release|Any CPU.ActiveCfg = Release|Any CPU
		{0A8C29F8-C528-4974-9849-D7E8CA03BD50}.Release|Any CPU.Build.0 = Release|Any CPU
		{0A8C29F8-C528-4974-9849-D7E8CA03BD50}.Release|x64.ActiveCfg = Release|Any CPU
		{0A8C29F8-C528-4974-9849-D7E8CA03BD50}.Release|x64.Build.0 = Release|Any CPU
		{0A8C29F8-C528-4974-9849-D7E8CA03BD50}.Release|x86.ActiveCfg = Release|Any CPU
		{0A8C29F8-C528-4974-9849-D7E8CA03BD50}.Release|x86.Build.0 = Release|Any CPU
		{B25AA202-4587-41DC-9147-54979129BE93}.Debug|Any CPU.ActiveCfg = Debug|Any CPU
		{B25AA202-4587-41DC-9147-54979129BE93}.Debug|Any CPU.Build.0 = Debug|Any CPU
		{B25AA202-4587-41DC-9147-54979129BE93}.Debug|x64.ActiveCfg = Debug|Any CPU
		{B25AA202-4587-41DC-9147-54979129BE93}.Debug|x64.Build.0 = Debug|Any CPU
		{B25AA202-4587-41DC-9147-54979129BE93}.Debug|x86.ActiveCfg = Debug|Any CPU
		{B25AA202-4587-41DC-9147-54979129BE93}.Debug|x86.Build.0 = Debug|Any CPU
		{B25AA202-4587-41DC-9147-54979129BE93}.Release|Any CPU.ActiveCfg = Release|Any CPU
		{B25AA202-4587-41DC-9147-54979129BE93}.Release|Any CPU.Build.0 = Release|Any CPU
		{B25AA202-4587-41DC-9147-54979129BE93}.Release|x64.ActiveCfg = Release|Any CPU
		{B25AA202-4587-41DC-9147-54979129BE93}.Release|x64.Build.0 = Release|Any CPU
		{B25AA202-4587-41DC-9147-54979129BE93}.Release|x86.ActiveCfg = Release|Any CPU
		{B25AA202-4587-41DC-9147-54979129BE93}.Release|x86.Build.0 = Release|Any CPU
		{F2FBD1B0-003F-4F18-9BD4-6C3180F4AB29}.Debug|Any CPU.ActiveCfg = Debug|Any CPU
		{F2FBD1B0-003F-4F18-9BD4-6C3180F4AB29}.Debug|Any CPU.Build.0 = Debug|Any CPU
		{F2FBD1B0-003F-4F18-9BD4-6C3180F4AB29}.Debug|x64.ActiveCfg = Debug|Any CPU
		{F2FBD1B0-003F-4F18-9BD4-6C3180F4AB29}.Debug|x64.Build.0 = Debug|Any CPU
		{F2FBD1B0-003F-4F18-9BD4-6C3180F4AB29}.Debug|x86.ActiveCfg = Debug|Any CPU
		{F2FBD1B0-003F-4F18-9BD4-6C3180F4AB29}.Debug|x86.Build.0 = Debug|Any CPU
		{F2FBD1B0-003F-4F18-9BD4-6C3180F4AB29}.Release|Any CPU.ActiveCfg = Release|Any CPU
		{F2FBD1B0-003F-4F18-9BD4-6C3180F4AB29}.Release|Any CPU.Build.0 = Release|Any CPU
		{F2FBD1B0-003F-4F18-9BD4-6C3180F4AB29}.Release|x64.ActiveCfg = Release|Any CPU
		{F2FBD1B0-003F-4F18-9BD4-6C3180F4AB29}.Release|x64.Build.0 = Release|Any CPU
		{F2FBD1B0-003F-4F18-9BD4-6C3180F4AB29}.Release|x86.ActiveCfg = Release|Any CPU
		{F2FBD1B0-003F-4F18-9BD4-6C3180F4AB29}.Release|x86.Build.0 = Release|Any CPU
	EndGlobalSection
EndGlobal
