
Microsoft Visual Studio Solution File, Format Version 12.00
# Visual Studio Version 17
VisualStudioVersion = 17.8.34330.188
MinimumVisualStudioVersion = 10.0.40219.1
Project("{9A19103F-16F7-4668-BE54-9A1E7A4F7556}") = "R5T.T0120.Construction", "R5T.T0120.Construction\R5T.T0120.Construction.csproj", "{E842E17C-78BE-4A5B-8AE8-A2EFF5165939}"
EndProject
Project("{9A19103F-16F7-4668-BE54-9A1E7A4F7556}") = "R5T.T0120", "R5T.T0120\R5T.T0120.csproj", "{85AF9F60-5FD6-4CCA-AFFE-F674C6A5B584}"
EndProject
Project("{2150E333-8FDC-42A3-9474-1A3956D46DE8}") = "_Dependencies", "_Dependencies", "{5899674C-18E3-4F4F-A501-EED7AC074ED6}"
EndProject
Project("{9A19103F-16F7-4668-BE54-9A1E7A4F7556}") = "R5T.T0142", "..\..\R5T.T0142\source\R5T.T0142\R5T.T0142.csproj", "{460156E8-4A16-428E-8B42-3EA6F70EC073}"
EndProject
Project("{9A19103F-16F7-4668-BE54-9A1E7A4F7556}") = "R5T.F0000.T000", "..\..\R5T.F0000\source\R5T.F0000.T000\R5T.F0000.T000.csproj", "{1D9F6BE0-8A4E-4403-90CB-8C043453F869}"
EndProject
Project("{9A19103F-16F7-4668-BE54-9A1E7A4F7556}") = "R5T.T0132", "..\..\R5T.T0132\source\R5T.T0132\R5T.T0132.csproj", "{DB5E592D-778A-4D95-9AB7-0E813D95FAA3}"
EndProject
Project("{9A19103F-16F7-4668-BE54-9A1E7A4F7556}") = "R5T.T0143", "..\..\R5T.T0143\source\R5T.T0143\R5T.T0143.csproj", "{F93287AA-2284-4DB9-9DCC-B78416610F74}"
EndProject
Project("{9A19103F-16F7-4668-BE54-9A1E7A4F7556}") = "R5T.T0156", "..\..\R5T.T0156\source\R5T.T0156\R5T.T0156.csproj", "{8E4B3667-C6D2-468F-B99F-82B9655A1446}"
EndProject
Project("{9A19103F-16F7-4668-BE54-9A1E7A4F7556}") = "R5T.T0178", "..\..\R5T.T0178\source\R5T.T0178\R5T.T0178.csproj", "{CD46E188-17D2-4FCD-B146-753D87390E7E}"
EndProject
Project("{9A19103F-16F7-4668-BE54-9A1E7A4F7556}") = "R5T.T0179", "..\..\R5T.T0179\source\R5T.T0179\R5T.T0179.csproj", "{103E9D93-D53F-46CF-A703-8B4977CF41B9}"
EndProject
Project("{9A19103F-16F7-4668-BE54-9A1E7A4F7556}") = "R5T.Y0000", "..\..\R5T.Y0000\source\R5T.Y0000\R5T.Y0000.csproj", "{65E1C84B-68B7-4472-8C4F-B44A93B8B9FB}"
EndProject
Project("{9A19103F-16F7-4668-BE54-9A1E7A4F7556}") = "R5T.Y0006", "..\..\R5T.Y0006\source\R5T.Y0006\R5T.Y0006.csproj", "{4945E200-A44D-4FD0-8604-C767B408ED92}"
EndProject
Project("{9A19103F-16F7-4668-BE54-9A1E7A4F7556}") = "R5T.T0120.X002", "R5T.T0120.X002\R5T.T0120.X002.csproj", "{FDD4EA3B-A3C1-4710-BAAF-92C6811B06B4}"
EndProject
Project("{9A19103F-16F7-4668-BE54-9A1E7A4F7556}") = "R5T.L0020", "..\..\R5T.L0020\source\R5T.L0020\R5T.L0020.csproj", "{66D54D60-7B96-475F-8629-3F179A0A4058}"
EndProject
Project("{9A19103F-16F7-4668-BE54-9A1E7A4F7556}") = "R5T.Magyar", "..\..\R5T.Magyar\source\R5T.Magyar\R5T.Magyar.csproj", "{523CE30A-75D2-41F9-BFA3-28E6D1BB5E3C}"
EndProject
Project("{9A19103F-16F7-4668-BE54-9A1E7A4F7556}") = "R5T.T0039.T002", "..\..\R5T.T0039\source\R5T.T0039.T002\R5T.T0039.T002.csproj", "{AB22AF81-2F1F-4F4F-9E16-5174595E16DB}"
EndProject
Project("{9A19103F-16F7-4668-BE54-9A1E7A4F7556}") = "R5T.T0119", "..\..\R5T.T0119\source\R5T.T0119\R5T.T0119.csproj", "{BDDF517D-20E9-4714-BD2D-6177B2C16979}"
EndProject
Global
	GlobalSection(NestedProjects) = preSolution
		{460156E8-4A16-428E-8B42-3EA6F70EC073} = {5899674C-18E3-4F4F-A501-EED7AC074ED6}
		{1D9F6BE0-8A4E-4403-90CB-8C043453F869} = {5899674C-18E3-4F4F-A501-EED7AC074ED6}
		{DB5E592D-778A-4D95-9AB7-0E813D95FAA3} = {5899674C-18E3-4F4F-A501-EED7AC074ED6}
		{F93287AA-2284-4DB9-9DCC-B78416610F74} = {5899674C-18E3-4F4F-A501-EED7AC074ED6}
		{8E4B3667-C6D2-468F-B99F-82B9655A1446} = {5899674C-18E3-4F4F-A501-EED7AC074ED6}
		{CD46E188-17D2-4FCD-B146-753D87390E7E} = {5899674C-18E3-4F4F-A501-EED7AC074ED6}
		{103E9D93-D53F-46CF-A703-8B4977CF41B9} = {5899674C-18E3-4F4F-A501-EED7AC074ED6}
		{65E1C84B-68B7-4472-8C4F-B44A93B8B9FB} = {5899674C-18E3-4F4F-A501-EED7AC074ED6}
		{4945E200-A44D-4FD0-8604-C767B408ED92} = {5899674C-18E3-4F4F-A501-EED7AC074ED6}
		{66D54D60-7B96-475F-8629-3F179A0A4058} = {5899674C-18E3-4F4F-A501-EED7AC074ED6}
		{523CE30A-75D2-41F9-BFA3-28E6D1BB5E3C} = {5899674C-18E3-4F4F-A501-EED7AC074ED6}
		{AB22AF81-2F1F-4F4F-9E16-5174595E16DB} = {5899674C-18E3-4F4F-A501-EED7AC074ED6}
		{BDDF517D-20E9-4714-BD2D-6177B2C16979} = {5899674C-18E3-4F4F-A501-EED7AC074ED6}
	EndGlobalSection
	GlobalSection(SolutionConfigurationPlatforms) = preSolution
		Debug|Any CPU = Debug|Any CPU
		Debug|x64 = Debug|x64
		Debug|x86 = Debug|x86
		Release|Any CPU = Release|Any CPU
		Release|x64 = Release|x64
		Release|x86 = Release|x86
	EndGlobalSection
	GlobalSection(ProjectConfigurationPlatforms) = postSolution
		{E842E17C-78BE-4A5B-8AE8-A2EFF5165939}.Debug|Any CPU.ActiveCfg = Debug|Any CPU
		{E842E17C-78BE-4A5B-8AE8-A2EFF5165939}.Debug|Any CPU.Build.0 = Debug|Any CPU
		{E842E17C-78BE-4A5B-8AE8-A2EFF5165939}.Debug|x64.ActiveCfg = Debug|Any CPU
		{E842E17C-78BE-4A5B-8AE8-A2EFF5165939}.Debug|x64.Build.0 = Debug|Any CPU
		{E842E17C-78BE-4A5B-8AE8-A2EFF5165939}.Debug|x86.ActiveCfg = Debug|Any CPU
		{E842E17C-78BE-4A5B-8AE8-A2EFF5165939}.Debug|x86.Build.0 = Debug|Any CPU
		{E842E17C-78BE-4A5B-8AE8-A2EFF5165939}.Release|Any CPU.ActiveCfg = Release|Any CPU
		{E842E17C-78BE-4A5B-8AE8-A2EFF5165939}.Release|Any CPU.Build.0 = Release|Any CPU
		{E842E17C-78BE-4A5B-8AE8-A2EFF5165939}.Release|x64.ActiveCfg = Release|Any CPU
		{E842E17C-78BE-4A5B-8AE8-A2EFF5165939}.Release|x64.Build.0 = Release|Any CPU
		{E842E17C-78BE-4A5B-8AE8-A2EFF5165939}.Release|x86.ActiveCfg = Release|Any CPU
		{E842E17C-78BE-4A5B-8AE8-A2EFF5165939}.Release|x86.Build.0 = Release|Any CPU
		{85AF9F60-5FD6-4CCA-AFFE-F674C6A5B584}.Debug|Any CPU.ActiveCfg = Debug|Any CPU
		{85AF9F60-5FD6-4CCA-AFFE-F674C6A5B584}.Debug|Any CPU.Build.0 = Debug|Any CPU
		{85AF9F60-5FD6-4CCA-AFFE-F674C6A5B584}.Debug|x64.ActiveCfg = Debug|Any CPU
		{85AF9F60-5FD6-4CCA-AFFE-F674C6A5B584}.Debug|x64.Build.0 = Debug|Any CPU
		{85AF9F60-5FD6-4CCA-AFFE-F674C6A5B584}.Debug|x86.ActiveCfg = Debug|Any CPU
		{85AF9F60-5FD6-4CCA-AFFE-F674C6A5B584}.Debug|x86.Build.0 = Debug|Any CPU
		{85AF9F60-5FD6-4CCA-AFFE-F674C6A5B584}.Release|Any CPU.ActiveCfg = Release|Any CPU
		{85AF9F60-5FD6-4CCA-AFFE-F674C6A5B584}.Release|Any CPU.Build.0 = Release|Any CPU
		{85AF9F60-5FD6-4CCA-AFFE-F674C6A5B584}.Release|x64.ActiveCfg = Release|Any CPU
		{85AF9F60-5FD6-4CCA-AFFE-F674C6A5B584}.Release|x64.Build.0 = Release|Any CPU
		{85AF9F60-5FD6-4CCA-AFFE-F674C6A5B584}.Release|x86.ActiveCfg = Release|Any CPU
		{85AF9F60-5FD6-4CCA-AFFE-F674C6A5B584}.Release|x86.Build.0 = Release|Any CPU
		{460156E8-4A16-428E-8B42-3EA6F70EC073}.Debug|Any CPU.ActiveCfg = Debug|Any CPU
		{460156E8-4A16-428E-8B42-3EA6F70EC073}.Debug|Any CPU.Build.0 = Debug|Any CPU
		{460156E8-4A16-428E-8B42-3EA6F70EC073}.Debug|x64.ActiveCfg = Debug|Any CPU
		{460156E8-4A16-428E-8B42-3EA6F70EC073}.Debug|x64.Build.0 = Debug|Any CPU
		{460156E8-4A16-428E-8B42-3EA6F70EC073}.Debug|x86.ActiveCfg = Debug|Any CPU
		{460156E8-4A16-428E-8B42-3EA6F70EC073}.Debug|x86.Build.0 = Debug|Any CPU
		{460156E8-4A16-428E-8B42-3EA6F70EC073}.Release|Any CPU.ActiveCfg = Release|Any CPU
		{460156E8-4A16-428E-8B42-3EA6F70EC073}.Release|Any CPU.Build.0 = Release|Any CPU
		{460156E8-4A16-428E-8B42-3EA6F70EC073}.Release|x64.ActiveCfg = Release|Any CPU
		{460156E8-4A16-428E-8B42-3EA6F70EC073}.Release|x64.Build.0 = Release|Any CPU
		{460156E8-4A16-428E-8B42-3EA6F70EC073}.Release|x86.ActiveCfg = Release|Any CPU
		{460156E8-4A16-428E-8B42-3EA6F70EC073}.Release|x86.Build.0 = Release|Any CPU
		{1D9F6BE0-8A4E-4403-90CB-8C043453F869}.Debug|Any CPU.ActiveCfg = Debug|Any CPU
		{1D9F6BE0-8A4E-4403-90CB-8C043453F869}.Debug|Any CPU.Build.0 = Debug|Any CPU
		{1D9F6BE0-8A4E-4403-90CB-8C043453F869}.Debug|x64.ActiveCfg = Debug|Any CPU
		{1D9F6BE0-8A4E-4403-90CB-8C043453F869}.Debug|x64.Build.0 = Debug|Any CPU
		{1D9F6BE0-8A4E-4403-90CB-8C043453F869}.Debug|x86.ActiveCfg = Debug|Any CPU
		{1D9F6BE0-8A4E-4403-90CB-8C043453F869}.Debug|x86.Build.0 = Debug|Any CPU
		{1D9F6BE0-8A4E-4403-90CB-8C043453F869}.Release|Any CPU.ActiveCfg = Release|Any CPU
		{1D9F6BE0-8A4E-4403-90CB-8C043453F869}.Release|Any CPU.Build.0 = Release|Any CPU
		{1D9F6BE0-8A4E-4403-90CB-8C043453F869}.Release|x64.ActiveCfg = Release|Any CPU
		{1D9F6BE0-8A4E-4403-90CB-8C043453F869}.Release|x64.Build.0 = Release|Any CPU
		{1D9F6BE0-8A4E-4403-90CB-8C043453F869}.Release|x86.ActiveCfg = Release|Any CPU
		{1D9F6BE0-8A4E-4403-90CB-8C043453F869}.Release|x86.Build.0 = Release|Any CPU
		{DB5E592D-778A-4D95-9AB7-0E813D95FAA3}.Debug|Any CPU.ActiveCfg = Debug|Any CPU
		{DB5E592D-778A-4D95-9AB7-0E813D95FAA3}.Debug|Any CPU.Build.0 = Debug|Any CPU
		{DB5E592D-778A-4D95-9AB7-0E813D95FAA3}.Debug|x64.ActiveCfg = Debug|Any CPU
		{DB5E592D-778A-4D95-9AB7-0E813D95FAA3}.Debug|x64.Build.0 = Debug|Any CPU
		{DB5E592D-778A-4D95-9AB7-0E813D95FAA3}.Debug|x86.ActiveCfg = Debug|Any CPU
		{DB5E592D-778A-4D95-9AB7-0E813D95FAA3}.Debug|x86.Build.0 = Debug|Any CPU
		{DB5E592D-778A-4D95-9AB7-0E813D95FAA3}.Release|Any CPU.ActiveCfg = Release|Any CPU
		{DB5E592D-778A-4D95-9AB7-0E813D95FAA3}.Release|Any CPU.Build.0 = Release|Any CPU
		{DB5E592D-778A-4D95-9AB7-0E813D95FAA3}.Release|x64.ActiveCfg = Release|Any CPU
		{DB5E592D-778A-4D95-9AB7-0E813D95FAA3}.Release|x64.Build.0 = Release|Any CPU
		{DB5E592D-778A-4D95-9AB7-0E813D95FAA3}.Release|x86.ActiveCfg = Release|Any CPU
		{DB5E592D-778A-4D95-9AB7-0E813D95FAA3}.Release|x86.Build.0 = Release|Any CPU
		{F93287AA-2284-4DB9-9DCC-B78416610F74}.Debug|Any CPU.ActiveCfg = Debug|Any CPU
		{F93287AA-2284-4DB9-9DCC-B78416610F74}.Debug|Any CPU.Build.0 = Debug|Any CPU
		{F93287AA-2284-4DB9-9DCC-B78416610F74}.Debug|x64.ActiveCfg = Debug|Any CPU
		{F93287AA-2284-4DB9-9DCC-B78416610F74}.Debug|x64.Build.0 = Debug|Any CPU
		{F93287AA-2284-4DB9-9DCC-B78416610F74}.Debug|x86.ActiveCfg = Debug|Any CPU
		{F93287AA-2284-4DB9-9DCC-B78416610F74}.Debug|x86.Build.0 = Debug|Any CPU
		{F93287AA-2284-4DB9-9DCC-B78416610F74}.Release|Any CPU.ActiveCfg = Release|Any CPU
		{F93287AA-2284-4DB9-9DCC-B78416610F74}.Release|Any CPU.Build.0 = Release|Any CPU
		{F93287AA-2284-4DB9-9DCC-B78416610F74}.Release|x64.ActiveCfg = Release|Any CPU
		{F93287AA-2284-4DB9-9DCC-B78416610F74}.Release|x64.Build.0 = Release|Any CPU
		{F93287AA-2284-4DB9-9DCC-B78416610F74}.Release|x86.ActiveCfg = Release|Any CPU
		{F93287AA-2284-4DB9-9DCC-B78416610F74}.Release|x86.Build.0 = Release|Any CPU
		{8E4B3667-C6D2-468F-B99F-82B9655A1446}.Debug|Any CPU.ActiveCfg = Debug|Any CPU
		{8E4B3667-C6D2-468F-B99F-82B9655A1446}.Debug|Any CPU.Build.0 = Debug|Any CPU
		{8E4B3667-C6D2-468F-B99F-82B9655A1446}.Debug|x64.ActiveCfg = Debug|Any CPU
		{8E4B3667-C6D2-468F-B99F-82B9655A1446}.Debug|x64.Build.0 = Debug|Any CPU
		{8E4B3667-C6D2-468F-B99F-82B9655A1446}.Debug|x86.ActiveCfg = Debug|Any CPU
		{8E4B3667-C6D2-468F-B99F-82B9655A1446}.Debug|x86.Build.0 = Debug|Any CPU
		{8E4B3667-C6D2-468F-B99F-82B9655A1446}.Release|Any CPU.ActiveCfg = Release|Any CPU
		{8E4B3667-C6D2-468F-B99F-82B9655A1446}.Release|Any CPU.Build.0 = Release|Any CPU
		{8E4B3667-C6D2-468F-B99F-82B9655A1446}.Release|x64.ActiveCfg = Release|Any CPU
		{8E4B3667-C6D2-468F-B99F-82B9655A1446}.Release|x64.Build.0 = Release|Any CPU
		{8E4B3667-C6D2-468F-B99F-82B9655A1446}.Release|x86.ActiveCfg = Release|Any CPU
		{8E4B3667-C6D2-468F-B99F-82B9655A1446}.Release|x86.Build.0 = Release|Any CPU
		{CD46E188-17D2-4FCD-B146-753D87390E7E}.Debug|Any CPU.ActiveCfg = Debug|Any CPU
		{CD46E188-17D2-4FCD-B146-753D87390E7E}.Debug|Any CPU.Build.0 = Debug|Any CPU
		{CD46E188-17D2-4FCD-B146-753D87390E7E}.Debug|x64.ActiveCfg = Debug|Any CPU
		{CD46E188-17D2-4FCD-B146-753D87390E7E}.Debug|x64.Build.0 = Debug|Any CPU
		{CD46E188-17D2-4FCD-B146-753D87390E7E}.Debug|x86.ActiveCfg = Debug|Any CPU
		{CD46E188-17D2-4FCD-B146-753D87390E7E}.Debug|x86.Build.0 = Debug|Any CPU
		{CD46E188-17D2-4FCD-B146-753D87390E7E}.Release|Any CPU.ActiveCfg = Release|Any CPU
		{CD46E188-17D2-4FCD-B146-753D87390E7E}.Release|Any CPU.Build.0 = Release|Any CPU
		{CD46E188-17D2-4FCD-B146-753D87390E7E}.Release|x64.ActiveCfg = Release|Any CPU
		{CD46E188-17D2-4FCD-B146-753D87390E7E}.Release|x64.Build.0 = Release|Any CPU
		{CD46E188-17D2-4FCD-B146-753D87390E7E}.Release|x86.ActiveCfg = Release|Any CPU
		{CD46E188-17D2-4FCD-B146-753D87390E7E}.Release|x86.Build.0 = Release|Any CPU
		{103E9D93-D53F-46CF-A703-8B4977CF41B9}.Debug|Any CPU.ActiveCfg = Debug|Any CPU
		{103E9D93-D53F-46CF-A703-8B4977CF41B9}.Debug|Any CPU.Build.0 = Debug|Any CPU
		{103E9D93-D53F-46CF-A703-8B4977CF41B9}.Debug|x64.ActiveCfg = Debug|Any CPU
		{103E9D93-D53F-46CF-A703-8B4977CF41B9}.Debug|x64.Build.0 = Debug|Any CPU
		{103E9D93-D53F-46CF-A703-8B4977CF41B9}.Debug|x86.ActiveCfg = Debug|Any CPU
		{103E9D93-D53F-46CF-A703-8B4977CF41B9}.Debug|x86.Build.0 = Debug|Any CPU
		{103E9D93-D53F-46CF-A703-8B4977CF41B9}.Release|Any CPU.ActiveCfg = Release|Any CPU
		{103E9D93-D53F-46CF-A703-8B4977CF41B9}.Release|Any CPU.Build.0 = Release|Any CPU
		{103E9D93-D53F-46CF-A703-8B4977CF41B9}.Release|x64.ActiveCfg = Release|Any CPU
		{103E9D93-D53F-46CF-A703-8B4977CF41B9}.Release|x64.Build.0 = Release|Any CPU
		{103E9D93-D53F-46CF-A703-8B4977CF41B9}.Release|x86.ActiveCfg = Release|Any CPU
		{103E9D93-D53F-46CF-A703-8B4977CF41B9}.Release|x86.Build.0 = Release|Any CPU
		{65E1C84B-68B7-4472-8C4F-B44A93B8B9FB}.Debug|Any CPU.ActiveCfg = Debug|Any CPU
		{65E1C84B-68B7-4472-8C4F-B44A93B8B9FB}.Debug|Any CPU.Build.0 = Debug|Any CPU
		{65E1C84B-68B7-4472-8C4F-B44A93B8B9FB}.Debug|x64.ActiveCfg = Debug|Any CPU
		{65E1C84B-68B7-4472-8C4F-B44A93B8B9FB}.Debug|x64.Build.0 = Debug|Any CPU
		{65E1C84B-68B7-4472-8C4F-B44A93B8B9FB}.Debug|x86.ActiveCfg = Debug|Any CPU
		{65E1C84B-68B7-4472-8C4F-B44A93B8B9FB}.Debug|x86.Build.0 = Debug|Any CPU
		{65E1C84B-68B7-4472-8C4F-B44A93B8B9FB}.Release|Any CPU.ActiveCfg = Release|Any CPU
		{65E1C84B-68B7-4472-8C4F-B44A93B8B9FB}.Release|Any CPU.Build.0 = Release|Any CPU
		{65E1C84B-68B7-4472-8C4F-B44A93B8B9FB}.Release|x64.ActiveCfg = Release|Any CPU
		{65E1C84B-68B7-4472-8C4F-B44A93B8B9FB}.Release|x64.Build.0 = Release|Any CPU
		{65E1C84B-68B7-4472-8C4F-B44A93B8B9FB}.Release|x86.ActiveCfg = Release|Any CPU
		{65E1C84B-68B7-4472-8C4F-B44A93B8B9FB}.Release|x86.Build.0 = Release|Any CPU
		{4945E200-A44D-4FD0-8604-C767B408ED92}.Debug|Any CPU.ActiveCfg = Debug|Any CPU
		{4945E200-A44D-4FD0-8604-C767B408ED92}.Debug|Any CPU.Build.0 = Debug|Any CPU
		{4945E200-A44D-4FD0-8604-C767B408ED92}.Debug|x64.ActiveCfg = Debug|Any CPU
		{4945E200-A44D-4FD0-8604-C767B408ED92}.Debug|x64.Build.0 = Debug|Any CPU
		{4945E200-A44D-4FD0-8604-C767B408ED92}.Debug|x86.ActiveCfg = Debug|Any CPU
		{4945E200-A44D-4FD0-8604-C767B408ED92}.Debug|x86.Build.0 = Debug|Any CPU
		{4945E200-A44D-4FD0-8604-C767B408ED92}.Release|Any CPU.ActiveCfg = Release|Any CPU
		{4945E200-A44D-4FD0-8604-C767B408ED92}.Release|Any CPU.Build.0 = Release|Any CPU
		{4945E200-A44D-4FD0-8604-C767B408ED92}.Release|x64.ActiveCfg = Release|Any CPU
		{4945E200-A44D-4FD0-8604-C767B408ED92}.Release|x64.Build.0 = Release|Any CPU
		{4945E200-A44D-4FD0-8604-C767B408ED92}.Release|x86.ActiveCfg = Release|Any CPU
		{4945E200-A44D-4FD0-8604-C767B408ED92}.Release|x86.Build.0 = Release|Any CPU
		{FDD4EA3B-A3C1-4710-BAAF-92C6811B06B4}.Debug|Any CPU.ActiveCfg = Debug|Any CPU
		{FDD4EA3B-A3C1-4710-BAAF-92C6811B06B4}.Debug|Any CPU.Build.0 = Debug|Any CPU
		{FDD4EA3B-A3C1-4710-BAAF-92C6811B06B4}.Debug|x64.ActiveCfg = Debug|Any CPU
		{FDD4EA3B-A3C1-4710-BAAF-92C6811B06B4}.Debug|x64.Build.0 = Debug|Any CPU
		{FDD4EA3B-A3C1-4710-BAAF-92C6811B06B4}.Debug|x86.ActiveCfg = Debug|Any CPU
		{FDD4EA3B-A3C1-4710-BAAF-92C6811B06B4}.Debug|x86.Build.0 = Debug|Any CPU
		{FDD4EA3B-A3C1-4710-BAAF-92C6811B06B4}.Release|Any CPU.ActiveCfg = Release|Any CPU
		{FDD4EA3B-A3C1-4710-BAAF-92C6811B06B4}.Release|Any CPU.Build.0 = Release|Any CPU
		{FDD4EA3B-A3C1-4710-BAAF-92C6811B06B4}.Release|x64.ActiveCfg = Release|Any CPU
		{FDD4EA3B-A3C1-4710-BAAF-92C6811B06B4}.Release|x64.Build.0 = Release|Any CPU
		{FDD4EA3B-A3C1-4710-BAAF-92C6811B06B4}.Release|x86.ActiveCfg = Release|Any CPU
		{FDD4EA3B-A3C1-4710-BAAF-92C6811B06B4}.Release|x86.Build.0 = Release|Any CPU
		{66D54D60-7B96-475F-8629-3F179A0A4058}.Debug|Any CPU.ActiveCfg = Debug|Any CPU
		{66D54D60-7B96-475F-8629-3F179A0A4058}.Debug|Any CPU.Build.0 = Debug|Any CPU
		{66D54D60-7B96-475F-8629-3F179A0A4058}.Debug|x64.ActiveCfg = Debug|Any CPU
		{66D54D60-7B96-475F-8629-3F179A0A4058}.Debug|x64.Build.0 = Debug|Any CPU
		{66D54D60-7B96-475F-8629-3F179A0A4058}.Debug|x86.ActiveCfg = Debug|Any CPU
		{66D54D60-7B96-475F-8629-3F179A0A4058}.Debug|x86.Build.0 = Debug|Any CPU
		{66D54D60-7B96-475F-8629-3F179A0A4058}.Release|Any CPU.ActiveCfg = Release|Any CPU
		{66D54D60-7B96-475F-8629-3F179A0A4058}.Release|Any CPU.Build.0 = Release|Any CPU
		{66D54D60-7B96-475F-8629-3F179A0A4058}.Release|x64.ActiveCfg = Release|Any CPU
		{66D54D60-7B96-475F-8629-3F179A0A4058}.Release|x64.Build.0 = Release|Any CPU
		{66D54D60-7B96-475F-8629-3F179A0A4058}.Release|x86.ActiveCfg = Release|Any CPU
		{66D54D60-7B96-475F-8629-3F179A0A4058}.Release|x86.Build.0 = Release|Any CPU
		{523CE30A-75D2-41F9-BFA3-28E6D1BB5E3C}.Debug|Any CPU.ActiveCfg = Debug|Any CPU
		{523CE30A-75D2-41F9-BFA3-28E6D1BB5E3C}.Debug|Any CPU.Build.0 = Debug|Any CPU
		{523CE30A-75D2-41F9-BFA3-28E6D1BB5E3C}.Debug|x64.ActiveCfg = Debug|Any CPU
		{523CE30A-75D2-41F9-BFA3-28E6D1BB5E3C}.Debug|x64.Build.0 = Debug|Any CPU
		{523CE30A-75D2-41F9-BFA3-28E6D1BB5E3C}.Debug|x86.ActiveCfg = Debug|Any CPU
		{523CE30A-75D2-41F9-BFA3-28E6D1BB5E3C}.Debug|x86.Build.0 = Debug|Any CPU
		{523CE30A-75D2-41F9-BFA3-28E6D1BB5E3C}.Release|Any CPU.ActiveCfg = Release|Any CPU
		{523CE30A-75D2-41F9-BFA3-28E6D1BB5E3C}.Release|Any CPU.Build.0 = Release|Any CPU
		{523CE30A-75D2-41F9-BFA3-28E6D1BB5E3C}.Release|x64.ActiveCfg = Release|Any CPU
		{523CE30A-75D2-41F9-BFA3-28E6D1BB5E3C}.Release|x64.Build.0 = Release|Any CPU
		{523CE30A-75D2-41F9-BFA3-28E6D1BB5E3C}.Release|x86.ActiveCfg = Release|Any CPU
		{523CE30A-75D2-41F9-BFA3-28E6D1BB5E3C}.Release|x86.Build.0 = Release|Any CPU
		{AB22AF81-2F1F-4F4F-9E16-5174595E16DB}.Debug|Any CPU.ActiveCfg = Debug|Any CPU
		{AB22AF81-2F1F-4F4F-9E16-5174595E16DB}.Debug|Any CPU.Build.0 = Debug|Any CPU
		{AB22AF81-2F1F-4F4F-9E16-5174595E16DB}.Debug|x64.ActiveCfg = Debug|Any CPU
		{AB22AF81-2F1F-4F4F-9E16-5174595E16DB}.Debug|x64.Build.0 = Debug|Any CPU
		{AB22AF81-2F1F-4F4F-9E16-5174595E16DB}.Debug|x86.ActiveCfg = Debug|Any CPU
		{AB22AF81-2F1F-4F4F-9E16-5174595E16DB}.Debug|x86.Build.0 = Debug|Any CPU
		{AB22AF81-2F1F-4F4F-9E16-5174595E16DB}.Release|Any CPU.ActiveCfg = Release|Any CPU
		{AB22AF81-2F1F-4F4F-9E16-5174595E16DB}.Release|Any CPU.Build.0 = Release|Any CPU
		{AB22AF81-2F1F-4F4F-9E16-5174595E16DB}.Release|x64.ActiveCfg = Release|Any CPU
		{AB22AF81-2F1F-4F4F-9E16-5174595E16DB}.Release|x64.Build.0 = Release|Any CPU
		{AB22AF81-2F1F-4F4F-9E16-5174595E16DB}.Release|x86.ActiveCfg = Release|Any CPU
		{AB22AF81-2F1F-4F4F-9E16-5174595E16DB}.Release|x86.Build.0 = Release|Any CPU
		{BDDF517D-20E9-4714-BD2D-6177B2C16979}.Debug|Any CPU.ActiveCfg = Debug|Any CPU
		{BDDF517D-20E9-4714-BD2D-6177B2C16979}.Debug|Any CPU.Build.0 = Debug|Any CPU
		{BDDF517D-20E9-4714-BD2D-6177B2C16979}.Debug|x64.ActiveCfg = Debug|Any CPU
		{BDDF517D-20E9-4714-BD2D-6177B2C16979}.Debug|x64.Build.0 = Debug|Any CPU
		{BDDF517D-20E9-4714-BD2D-6177B2C16979}.Debug|x86.ActiveCfg = Debug|Any CPU
		{BDDF517D-20E9-4714-BD2D-6177B2C16979}.Debug|x86.Build.0 = Debug|Any CPU
		{BDDF517D-20E9-4714-BD2D-6177B2C16979}.Release|Any CPU.ActiveCfg = Release|Any CPU
		{BDDF517D-20E9-4714-BD2D-6177B2C16979}.Release|Any CPU.Build.0 = Release|Any CPU
		{BDDF517D-20E9-4714-BD2D-6177B2C16979}.Release|x64.ActiveCfg = Release|Any CPU
		{BDDF517D-20E9-4714-BD2D-6177B2C16979}.Release|x64.Build.0 = Release|Any CPU
		{BDDF517D-20E9-4714-BD2D-6177B2C16979}.Release|x86.ActiveCfg = Release|Any CPU
		{BDDF517D-20E9-4714-BD2D-6177B2C16979}.Release|x86.Build.0 = Release|Any CPU
	EndGlobalSection
	GlobalSection(SolutionProperties) = preSolution
		HideSolutionNode = FALSE
	EndGlobalSection
	GlobalSection(ExtensibilityGlobals) = postSolution
		SolutionGuid = {152E3F16-09F2-4397-9F5A-93C14A24C137}
	EndGlobalSection
EndGlobal
